
Microsoft Visual Studio Solution File, Format Version 12.00
# Visual Studio Version 16
VisualStudioVersion = 16.0.29609.76
MinimumVisualStudioVersion = 10.0.40219.1
Project("{FAE04EC0-301F-11D3-BF4B-00C04F79EFBC}") = "ArtimeticExpressionCaclulator", "ArtimeticExpressionsCaclulator\ArtimeticExpressionCaclulator.csproj", "{AD9AC511-D023-4949-A206-328F3B1A9D6B}"
EndProject
Project("{FAE04EC0-301F-11D3-BF4B-00C04F79EFBC}") = "ArtimeticExpressionsCaclulatorTests", "ArtimeticExpressionsCaclulatorTests\ArtimeticExpressionsCaclulatorTests.csproj", "{DD7C27B5-339A-4997-B16E-CE70D2F45921}"
EndProject
Global
	GlobalSection(SolutionConfigurationPlatforms) = preSolution
		Debug|Any CPU = Debug|Any CPU
		Release|Any CPU = Release|Any CPU
	EndGlobalSection
	GlobalSection(ProjectConfigurationPlatforms) = postSolution
		{AD9AC511-D023-4949-A206-328F3B1A9D6B}.Debug|Any CPU.ActiveCfg = Debug|Any CPU
		{AD9AC511-D023-4949-A206-328F3B1A9D6B}.Debug|Any CPU.Build.0 = Debug|Any CPU
		{AD9AC511-D023-4949-A206-328F3B1A9D6B}.Release|Any CPU.ActiveCfg = Release|Any CPU
		{AD9AC511-D023-4949-A206-328F3B1A9D6B}.Release|Any CPU.Build.0 = Release|Any CPU
		{DD7C27B5-339A-4997-B16E-CE70D2F45921}.Debug|Any CPU.ActiveCfg = Debug|Any CPU
		{DD7C27B5-339A-4997-B16E-CE70D2F45921}.Debug|Any CPU.Build.0 = Debug|Any CPU
		{DD7C27B5-339A-4997-B16E-CE70D2F45921}.Release|Any CPU.ActiveCfg = Release|Any CPU
		{DD7C27B5-339A-4997-B16E-CE70D2F45921}.Release|Any CPU.Build.0 = Release|Any CPU
	EndGlobalSection
	GlobalSection(SolutionProperties) = preSolution
		HideSolutionNode = FALSE
	EndGlobalSection
	GlobalSection(ExtensibilityGlobals) = postSolution
		SolutionGuid = {10DDA3F2-0EA4-476C-BCC4-3A024BBC9231}
	EndGlobalSection
EndGlobal
